
Microsoft Visual Studio Solution File, Format Version 12.00
# Visual Studio Version 17
VisualStudioVersion = 17.8.34316.72
MinimumVisualStudioVersion = 10.0.40219.1
Project("{FAE04EC0-301F-11D3-BF4B-00C04F79EFBC}") = "Albuns.API", "Albuns.API\Albuns.API.csproj", "{3551DFC1-9B12-4F9F-860E-B13A6965B948}"
EndProject
Global
	GlobalSection(SolutionConfigurationPlatforms) = preSolution
		Debug|Any CPU = Debug|Any CPU
		Release|Any CPU = Release|Any CPU
	EndGlobalSection
	GlobalSection(ProjectConfigurationPlatforms) = postSolution
		{3551DFC1-9B12-4F9F-860E-B13A6965B948}.Debug|Any CPU.ActiveCfg = Debug|Any CPU
		{3551DFC1-9B12-4F9F-860E-B13A6965B948}.Debug|Any CPU.Build.0 = Debug|Any CPU
		{3551DFC1-9B12-4F9F-860E-B13A6965B948}.Release|Any CPU.ActiveCfg = Release|Any CPU
		{3551DFC1-9B12-4F9F-860E-B13A6965B948}.Release|Any CPU.Build.0 = Release|Any CPU
	EndGlobalSection
	GlobalSection(SolutionProperties) = preSolution
		HideSolutionNode = FALSE
	EndGlobalSection
	GlobalSection(ExtensibilityGlobals) = postSolution
		SolutionGuid = {2343F9E9-B286-42A8-B94B-3D036098D8F6}
	EndGlobalSection
EndGlobal
